// !$*UTF8*$!
{
	archiveVersion = 1;
	classes = {
	};
	objectVersion = 46;
	objects = {

/* Begin PBXBuildFile section */
		265818D81DC2A30A007CA42E /* AppDelegate.swift in Sources */ = {isa = PBXBuildFile; fileRef = 265818D71DC2A30A007CA42E /* AppDelegate.swift */; };
		265818DA1DC2A30A007CA42E /* ViewController.swift in Sources */ = {isa = PBXBuildFile; fileRef = 265818D91DC2A30A007CA42E /* ViewController.swift */; };
		265818DD1DC2A30A007CA42E /* Main.storyboard in Resources */ = {isa = PBXBuildFile; fileRef = 265818DB1DC2A30A007CA42E /* Main.storyboard */; };
		265818DF1DC2A30A007CA42E /* Assets.xcassets in Resources */ = {isa = PBXBuildFile; fileRef = 265818DE1DC2A30A007CA42E /* Assets.xcassets */; };
		265818E21DC2A30A007CA42E /* LaunchScreen.storyboard in Resources */ = {isa = PBXBuildFile; fileRef = 265818E01DC2A30A007CA42E /* LaunchScreen.storyboard */; };
		265818EB1DC2A69B007CA42E /* LoginController.swift in Sources */ = {isa = PBXBuildFile; fileRef = 265818EA1DC2A69B007CA42E /* LoginController.swift */; };
		26F02A331DC2B65B000EA8F2 /* GoogleService-Info.plist in Resources */ = {isa = PBXBuildFile; fileRef = 26F02A321DC2B65B000EA8F2 /* GoogleService-Info.plist */; };
		FDE0EC1034B5CE2A0D5D0020 /* Pods_FirebaseChat.framework in Frameworks */ = {isa = PBXBuildFile; fileRef = 3C355011AFD0FF7F2B8C7320 /* Pods_FirebaseChat.framework */; };
/* End PBXBuildFile section */

/* Begin PBXFileReference section */
		265818D41DC2A30A007CA42E /* FirebaseChat.app */ = {isa = PBXFileReference; explicitFileType = wrapper.application; includeInIndex = 0; path = FirebaseChat.app; sourceTree = BUILT_PRODUCTS_DIR; };
		265818D71DC2A30A007CA42E /* AppDelegate.swift */ = {isa = PBXFileReference; lastKnownFileType = sourcecode.swift; path = AppDelegate.swift; sourceTree = "<group>"; };
		265818D91DC2A30A007CA42E /* ViewController.swift */ = {isa = PBXFileReference; lastKnownFileType = sourcecode.swift; path = ViewController.swift; sourceTree = "<group>"; };
		265818DC1DC2A30A007CA42E /* Base */ = {isa = PBXFileReference; lastKnownFileType = file.storyboard; name = Base; path = Base.lproj/Main.storyboard; sourceTree = "<group>"; };
		265818DE1DC2A30A007CA42E /* Assets.xcassets */ = {isa = PBXFileReference; lastKnownFileType = folder.assetcatalog; path = Assets.xcassets; sourceTree = "<group>"; };
		265818E11DC2A30A007CA42E /* Base */ = {isa = PBXFileReference; lastKnownFileType = file.storyboard; name = Base; path = Base.lproj/LaunchScreen.storyboard; sourceTree = "<group>"; };
		265818E31DC2A30A007CA42E /* Info.plist */ = {isa = PBXFileReference; lastKnownFileType = text.plist.xml; path = Info.plist; sourceTree = "<group>"; };
		265818EA1DC2A69B007CA42E /* LoginController.swift */ = {isa = PBXFileReference; fileEncoding = 4; lastKnownFileType = sourcecode.swift; path = LoginController.swift; sourceTree = "<group>"; };
		26F02A321DC2B65B000EA8F2 /* GoogleService-Info.plist */ = {isa = PBXFileReference; fileEncoding = 4; lastKnownFileType = text.plist.xml; path = "GoogleService-Info.plist"; sourceTree = "<group>"; };
		3C355011AFD0FF7F2B8C7320 /* Pods_FirebaseChat.framework */ = {isa = PBXFileReference; explicitFileType = wrapper.framework; includeInIndex = 0; path = Pods_FirebaseChat.framework; sourceTree = BUILT_PRODUCTS_DIR; };
		5B30253921583AB51016A1C4 /* Pods-FirebaseChat.release.xcconfig */ = {isa = PBXFileReference; includeInIndex = 1; lastKnownFileType = text.xcconfig; name = "Pods-FirebaseChat.release.xcconfig"; path = "Pods/Target Support Files/Pods-FirebaseChat/Pods-FirebaseChat.release.xcconfig"; sourceTree = "<group>"; };
		C81ABF609399CA97625AFF17 /* Pods-FirebaseChat.debug.xcconfig */ = {isa = PBXFileReference; includeInIndex = 1; lastKnownFileType = text.xcconfig; name = "Pods-FirebaseChat.debug.xcconfig"; path = "Pods/Target Support Files/Pods-FirebaseChat/Pods-FirebaseChat.debug.xcconfig"; sourceTree = "<group>"; };
/* End PBXFileReference section */

/* Begin PBXFrameworksBuildPhase section */
		265818D11DC2A30A007CA42E /* Frameworks */ = {
			isa = PBXFrameworksBuildPhase;
			buildActionMask = 2147483647;
			files = (
				FDE0EC1034B5CE2A0D5D0020 /* Pods_FirebaseChat.framework in Frameworks */,
			);
			runOnlyForDeploymentPostprocessing = 0;
		};
/* End PBXFrameworksBuildPhase section */

/* Begin PBXGroup section */
		265818CB1DC2A30A007CA42E = {
			isa = PBXGroup;
			children = (
				265818D61DC2A30A007CA42E /* FirebaseChat */,
				265818D51DC2A30A007CA42E /* Products */,
				A8A81F4D4D9DDB96308268DB /* Pods */,
				9A1963A35886271A2BBDA846 /* Frameworks */,
			);
			sourceTree = "<group>";
		};
		265818D51DC2A30A007CA42E /* Products */ = {
			isa = PBXGroup;
			children = (
				265818D41DC2A30A007CA42E /* FirebaseChat.app */,
			);
			name = Products;
			sourceTree = "<group>";
		};
		265818D61DC2A30A007CA42E /* FirebaseChat */ = {
			isa = PBXGroup;
			children = (
				265818E91DC2A68B007CA42E /* Controller */,
				265818D71DC2A30A007CA42E /* AppDelegate.swift */,
				265818D91DC2A30A007CA42E /* ViewController.swift */,
				265818DB1DC2A30A007CA42E /* Main.storyboard */,
				265818DE1DC2A30A007CA42E /* Assets.xcassets */,
				26F02A321DC2B65B000EA8F2 /* GoogleService-Info.plist */,
				265818E01DC2A30A007CA42E /* LaunchScreen.storyboard */,
				265818E31DC2A30A007CA42E /* Info.plist */,
			);
			path = FirebaseChat;
			sourceTree = "<group>";
		};
		265818E91DC2A68B007CA42E /* Controller */ = {
			isa = PBXGroup;
			children = (
				265818EA1DC2A69B007CA42E /* LoginController.swift */,
			);
			name = Controller;
			sourceTree = "<group>";
		};
		9A1963A35886271A2BBDA846 /* Frameworks */ = {
			isa = PBXGroup;
			children = (
				3C355011AFD0FF7F2B8C7320 /* Pods_FirebaseChat.framework */,
			);
			name = Frameworks;
			sourceTree = "<group>";
		};
		A8A81F4D4D9DDB96308268DB /* Pods */ = {
			isa = PBXGroup;
			children = (
				C81ABF609399CA97625AFF17 /* Pods-FirebaseChat.debug.xcconfig */,
				5B30253921583AB51016A1C4 /* Pods-FirebaseChat.release.xcconfig */,
			);
			name = Pods;
			sourceTree = "<group>";
		};
/* End PBXGroup section */

/* Begin PBXNativeTarget section */
		265818D31DC2A30A007CA42E /* FirebaseChat */ = {
			isa = PBXNativeTarget;
			buildConfigurationList = 265818E61DC2A30A007CA42E /* Build configuration list for PBXNativeTarget "FirebaseChat" */;
			buildPhases = (
				C8D708801AABB4C4F97028AE /* [CP] Check Pods Manifest.lock */,
				265818D01DC2A30A007CA42E /* Sources */,
				265818D11DC2A30A007CA42E /* Frameworks */,
				265818D21DC2A30A007CA42E /* Resources */,
				1205566E432874D9E875C82C /* [CP] Embed Pods Frameworks */,
				B8FE023BB04337F8350DC411 /* [CP] Copy Pods Resources */,
			);
			buildRules = (
			);
			dependencies = (
			);
			name = FirebaseChat;
			productName = FirebaseChat;
			productReference = 265818D41DC2A30A007CA42E /* FirebaseChat.app */;
			productType = "com.apple.product-type.application";
		};
/* End PBXNativeTarget section */

/* Begin PBXProject section */
		265818CC1DC2A30A007CA42E /* Project object */ = {
			isa = PBXProject;
			attributes = {
				LastSwiftUpdateCheck = 0800;
				LastUpgradeCheck = 0800;
				ORGANIZATIONNAME = "Ky Nguyen";
				TargetAttributes = {
					265818D31DC2A30A007CA42E = {
						CreatedOnToolsVersion = 8.0;
						ProvisioningStyle = Automatic;
					};
				};
			};
			buildConfigurationList = 265818CF1DC2A30A007CA42E /* Build configuration list for PBXProject "FirebaseChat" */;
			compatibilityVersion = "Xcode 3.2";
			developmentRegion = English;
			hasScannedForEncodings = 0;
			knownRegions = (
				en,
				Base,
			);
			mainGroup = 265818CB1DC2A30A007CA42E;
			productRefGroup = 265818D51DC2A30A007CA42E /* Products */;
			projectDirPath = "";
			projectRoot = "";
			targets = (
				265818D31DC2A30A007CA42E /* FirebaseChat */,
			);
		};
/* End PBXProject section */

/* Begin PBXResourcesBuildPhase section */
		265818D21DC2A30A007CA42E /* Resources */ = {
			isa = PBXResourcesBuildPhase;
			buildActionMask = 2147483647;
			files = (
				265818E21DC2A30A007CA42E /* LaunchScreen.storyboard in Resources */,
				26F02A331DC2B65B000EA8F2 /* GoogleService-Info.plist in Resources */,
				265818DF1DC2A30A007CA42E /* Assets.xcassets in Resources */,
				265818DD1DC2A30A007CA42E /* Main.storyboard in Resources */,
			);
			runOnlyForDeploymentPostprocessing = 0;
		};
/* End PBXResourcesBuildPhase section */

/* Begin PBXShellScriptBuildPhase section */
		1205566E432874D9E875C82C /* [CP] Embed Pods Frameworks */ = {
			isa = PBXShellScriptBuildPhase;
			buildActionMask = 2147483647;
			files = (
			);
			inputPaths = (
			);
			name = "[CP] Embed Pods Frameworks";
			outputPaths = (
			);
			runOnlyForDeploymentPostprocessing = 0;
			shellPath = /bin/sh;
			shellScript = "\"${SRCROOT}/Pods/Target Support Files/Pods-FirebaseChat/Pods-FirebaseChat-frameworks.sh\"\n";
			showEnvVarsInLog = 0;
		};
		B8FE023BB04337F8350DC411 /* [CP] Copy Pods Resources */ = {
			isa = PBXShellScriptBuildPhase;
			buildActionMask = 2147483647;
			files = (
			);
			inputPaths = (
			);
			name = "[CP] Copy Pods Resources";
			outputPaths = (
			);
			runOnlyForDeploymentPostprocessing = 0;
			shellPath = /bin/sh;
			shellScript = "\"${SRCROOT}/Pods/Target Support Files/Pods-FirebaseChat/Pods-FirebaseChat-resources.sh\"\n";
			showEnvVarsInLog = 0;
		};
		C8D708801AABB4C4F97028AE /* [CP] Check Pods Manifest.lock */ = {
			isa = PBXShellScriptBuildPhase;
			buildActionMask = 2147483647;
			files = (
			);
			inputPaths = (
			);
			name = "[CP] Check Pods Manifest.lock";
			outputPaths = (
			);
			runOnlyForDeploymentPostprocessing = 0;
			shellPath = /bin/sh;
			shellScript = "diff \"${PODS_ROOT}/../Podfile.lock\" \"${PODS_ROOT}/Manifest.lock\" > /dev/null\nif [[ $? != 0 ]] ; then\n    cat << EOM\nerror: The sandbox is not in sync with the Podfile.lock. Run 'pod install' or update your CocoaPods installation.\nEOM\n    exit 1\nfi\n";
			showEnvVarsInLog = 0;
		};
/* End PBXShellScriptBuildPhase section */

/* Begin PBXSourcesBuildPhase section */
		265818D01DC2A30A007CA42E /* Sources */ = {
			isa = PBXSourcesBuildPhase;
			buildActionMask = 2147483647;
			files = (
				265818EB1DC2A69B007CA42E /* LoginController.swift in Sources */,
				265818DA1DC2A30A007CA42E /* ViewController.swift in Sources */,
				265818D81DC2A30A007CA42E /* AppDelegate.swift in Sources */,
			);
			runOnlyForDeploymentPostprocessing = 0;
		};
/* End PBXSourcesBuildPhase section */

/* Begin PBXVariantGroup section */
		265818DB1DC2A30A007CA42E /* Main.storyboard */ = {
			isa = PBXVariantGroup;
			children = (
				265818DC1DC2A30A007CA42E /* Base */,
			);
			name = Main.storyboard;
			sourceTree = "<group>";
		};
		265818E01DC2A30A007CA42E /* LaunchScreen.storyboard */ = {
			isa = PBXVariantGroup;
			children = (
				265818E11DC2A30A007CA42E /* Base */,
			);
			name = LaunchScreen.storyboard;
			sourceTree = "<group>";
		};
/* End PBXVariantGroup section */

/* Begin XCBuildConfiguration section */
		265818E41DC2A30A007CA42E /* Debug */ = {
			isa = XCBuildConfiguration;
			buildSettings = {
				ALWAYS_SEARCH_USER_PATHS = NO;
				CLANG_ANALYZER_NONNULL = YES;
				CLANG_CXX_LANGUAGE_STANDARD = "gnu++0x";
				CLANG_CXX_LIBRARY = "libc++";
				CLANG_ENABLE_MODULES = YES;
				CLANG_ENABLE_OBJC_ARC = YES;
				CLANG_WARN_BOOL_CONVERSION = YES;
				CLANG_WARN_CONSTANT_CONVERSION = YES;
				CLANG_WARN_DIRECT_OBJC_ISA_USAGE = YES_ERROR;
				CLANG_WARN_DOCUMENTATION_COMMENTS = YES;
				CLANG_WARN_EMPTY_BODY = YES;
				CLANG_WARN_ENUM_CONVERSION = YES;
				CLANG_WARN_INFINITE_RECURSION = YES;
				CLANG_WARN_INT_CONVERSION = YES;
				CLANG_WARN_OBJC_ROOT_CLASS = YES_ERROR;
				CLANG_WARN_SUSPICIOUS_MOVES = YES;
				CLANG_WARN_UNREACHABLE_CODE = YES;
				CLANG_WARN__DUPLICATE_METHOD_MATCH = YES;
				"CODE_SIGN_IDENTITY[sdk=iphoneos*]" = "iPhone Developer";
				COPY_PHASE_STRIP = NO;
				DEBUG_INFORMATION_FORMAT = dwarf;
				ENABLE_STRICT_OBJC_MSGSEND = YES;
				ENABLE_TESTABILITY = YES;
				GCC_C_LANGUAGE_STANDARD = gnu99;
				GCC_DYNAMIC_NO_PIC = NO;
				GCC_NO_COMMON_BLOCKS = YES;
				GCC_OPTIMIZATION_LEVEL = 0;
				GCC_PREPROCESSOR_DEFINITIONS = (
					"DEBUG=1",
					"$(inherited)",
				);
				GCC_WARN_64_TO_32_BIT_CONVERSION = YES;
				GCC_WARN_ABOUT_RETURN_TYPE = YES_ERROR;
				GCC_WARN_UNDECLARED_SELECTOR = YES;
				GCC_WARN_UNINITIALIZED_AUTOS = YES_AGGRESSIVE;
				GCC_WARN_UNUSED_FUNCTION = YES;
				GCC_WARN_UNUSED_VARIABLE = YES;
				IPHONEOS_DEPLOYMENT_TARGET = 10.0;
				MTL_ENABLE_DEBUG_INFO = YES;
				ONLY_ACTIVE_ARCH = YES;
				SDKROOT = iphoneos;
				SWIFT_ACTIVE_COMPILATION_CONDITIONS = DEBUG;
				SWIFT_OPTIMIZATION_LEVEL = "-Onone";
				TARGETED_DEVICE_FAMILY = "1,2";
			};
			name = Debug;
		};
		265818E51DC2A30A007CA42E /* Release */ = {
			isa = XCBuildConfiguration;
			buildSettings = {
				ALWAYS_SEARCH_USER_PATHS = NO;
				CLANG_ANALYZER_NONNULL = YES;
				CLANG_CXX_LANGUAGE_STANDARD = "gnu++0x";
				CLANG_CXX_LIBRARY = "libc++";
				CLANG_ENABLE_MODULES = YES;
				CLANG_ENABLE_OBJC_ARC = YES;
				CLANG_WARN_BOOL_CONVERSION = YES;
				CLANG_WARN_CONSTANT_CONVERSION = YES;
				CLANG_WARN_DIRECT_OBJC_ISA_USAGE = YES_ERROR;
				CLANG_WARN_DOCUMENTATION_COMMENTS = YES;
				CLANG_WARN_EMPTY_BODY = YES;
				CLANG_WARN_ENUM_CONVERSION = YES;
				CLANG_WARN_INFINITE_RECURSION = YES;
				CLANG_WARN_INT_CONVERSION = YES;
				CLANG_WARN_OBJC_ROOT_CLASS = YES_ERROR;
				CLANG_WARN_SUSPICIOUS_MOVES = YES;
				CLANG_WARN_UNREACHABLE_CODE = YES;
				CLANG_WARN__DUPLICATE_METHOD_MATCH = YES;
				"CODE_SIGN_IDENTITY[sdk=iphoneos*]" = "iPhone Developer";
				COPY_PHASE_STRIP = NO;
				DEBUG_INFORMATION_FORMAT = "dwarf-with-dsym";
				ENABLE_NS_ASSERTIONS = NO;
				ENABLE_STRICT_OBJC_MSGSEND = YES;
				GCC_C_LANGUAGE_STANDARD = gnu99;
				GCC_NO_COMMON_BLOCKS = YES;
				GCC_WARN_64_TO_32_BIT_CONVERSION = YES;
				GCC_WARN_ABOUT_RETURN_TYPE = YES_ERROR;
				GCC_WARN_UNDECLARED_SELECTOR = YES;
				GCC_WARN_UNINITIALIZED_AUTOS = YES_AGGRESSIVE;
				GCC_WARN_UNUSED_FUNCTION = YES;
				GCC_WARN_UNUSED_VARIABLE = YES;
				IPHONEOS_DEPLOYMENT_TARGET = 10.0;
				MTL_ENABLE_DEBUG_INFO = NO;
				SDKROOT = iphoneos;
				SWIFT_OPTIMIZATION_LEVEL = "-Owholemodule";
				TARGETED_DEVICE_FAMILY = "1,2";
				VALIDATE_PRODUCT = YES;
			};
			name = Release;
		};
		265818E71DC2A30A007CA42E /* Debug */ = {
			isa = XCBuildConfiguration;
			baseConfigurationReference = C81ABF609399CA97625AFF17 /* Pods-FirebaseChat.debug.xcconfig */;
			buildSettings = {
				ASSETCATALOG_COMPILER_APPICON_NAME = AppIcon;
				INFOPLIST_FILE = FirebaseChat/Info.plist;
				LD_RUNPATH_SEARCH_PATHS = "$(inherited) @executable_path/Frameworks";
				PRODUCT_BUNDLE_IDENTIFIER = kn.10MinutesChat;
				PRODUCT_NAME = "$(TARGET_NAME)";
				SWIFT_VERSION = 3.0;
			};
			name = Debug;
		};
		265818E81DC2A30A007CA42E /* Release */ = {
			isa = XCBuildConfiguration;
			baseConfigurationReference = 5B30253921583AB51016A1C4 /* Pods-FirebaseChat.release.xcconfig */;
			buildSettings = {
				ASSETCATALOG_COMPILER_APPICON_NAME = AppIcon;
				INFOPLIST_FILE = FirebaseChat/Info.plist;
				LD_RUNPATH_SEARCH_PATHS = "$(inherited) @executable_path/Frameworks";
				PRODUCT_BUNDLE_IDENTIFIER = kn.10MinutesChat;
				PRODUCT_NAME = "$(TARGET_NAME)";
				SWIFT_VERSION = 3.0;
			};
			name = Release;
		};
/* End XCBuildConfiguration section */

/* Begin XCConfigurationList section */
		265818CF1DC2A30A007CA42E /* Build configuration list for PBXProject "FirebaseChat" */ = {
			isa = XCConfigurationList;
			buildConfigurations = (
				265818E41DC2A30A007CA42E /* Debug */,
				265818E51DC2A30A007CA42E /* Release */,
			);
			defaultConfigurationIsVisible = 0;
			defaultConfigurationName = Release;
		};
		265818E61DC2A30A007CA42E /* Build configuration list for PBXNativeTarget "FirebaseChat" */ = {
			isa = XCConfigurationList;
			buildConfigurations = (
				265818E71DC2A30A007CA42E /* Debug */,
				265818E81DC2A30A007CA42E /* Release */,
			);
			defaultConfigurationIsVisible = 0;
			defaultConfigurationName = Release;
		};
/* End XCConfigurationList section */
	};
	rootObject = 265818CC1DC2A30A007CA42E /* Project object */;
}
